
Microsoft Visual Studio Solution File, Format Version 12.00
# Visual Studio 15
VisualStudioVersion = 15.0.27130.2036
MinimumVisualStudioVersion = 10.0.40219.1
Project("{FAE04EC0-301F-11D3-BF4B-00C04F79EFBC}") = "Automation_test", "Automation_test\Automation_test.csproj", "{21651EA6-7328-4AF8-9DDD-E616A1A3834F}"
EndProject
Global
	GlobalSection(SolutionConfigurationPlatforms) = preSolution
		Debug|Any CPU = Debug|Any CPU
		Release|Any CPU = Release|Any CPU
	EndGlobalSection
	GlobalSection(ProjectConfigurationPlatforms) = postSolution
		{21651EA6-7328-4AF8-9DDD-E616A1A3834F}.Debug|Any CPU.ActiveCfg = Debug|Any CPU
		{21651EA6-7328-4AF8-9DDD-E616A1A3834F}.Debug|Any CPU.Build.0 = Debug|Any CPU
		{21651EA6-7328-4AF8-9DDD-E616A1A3834F}.Release|Any CPU.ActiveCfg = Release|Any CPU
		{21651EA6-7328-4AF8-9DDD-E616A1A3834F}.Release|Any CPU.Build.0 = Release|Any CPU
	EndGlobalSection
	GlobalSection(SolutionProperties) = preSolution
		HideSolutionNode = FALSE
	EndGlobalSection
	GlobalSection(ExtensibilityGlobals) = postSolution
		SolutionGuid = {0EA29BE0-6999-48C1-99D4-3B607C6D41E4}
	EndGlobalSection
EndGlobal
